// !$*UTF8*$!
{
	archiveVersion = 1;
	classes = {
	};
	objectVersion = 50;
	objects = {

/* Begin PBXBuildFile section */
		6F3F544523F9C90D001BC87F /* GFButton.swift in Sources */ = {isa = PBXBuildFile; fileRef = 6F3F544423F9C90D001BC87F /* GFButton.swift */; };
		6F3F544723F9CA3C001BC87F /* GFTextField.swift in Sources */ = {isa = PBXBuildFile; fileRef = 6F3F544623F9CA3C001BC87F /* GFTextField.swift */; };
		6F3F544923F9D035001BC87F /* FollowerListVC.swift in Sources */ = {isa = PBXBuildFile; fileRef = 6F3F544823F9D035001BC87F /* FollowerListVC.swift */; };
		6F3F544B23F9D2A3001BC87F /* GFTitleLabel.swift in Sources */ = {isa = PBXBuildFile; fileRef = 6F3F544A23F9D2A3001BC87F /* GFTitleLabel.swift */; };
		6F3F544D23F9D345001BC87F /* GFBodyLabel.swift in Sources */ = {isa = PBXBuildFile; fileRef = 6F3F544C23F9D345001BC87F /* GFBodyLabel.swift */; };
		6F3F544F23F9D3B7001BC87F /* GFAlertVC.swift in Sources */ = {isa = PBXBuildFile; fileRef = 6F3F544E23F9D3B7001BC87F /* GFAlertVC.swift */; };
		6F3F545123F9D7A1001BC87F /* UIViewController+Ext.swift in Sources */ = {isa = PBXBuildFile; fileRef = 6F3F545023F9D7A1001BC87F /* UIViewController+Ext.swift */; };
		6F4610DC23F896C0003DD14A /* SearchVC.swift in Sources */ = {isa = PBXBuildFile; fileRef = 6F4610DB23F896C0003DD14A /* SearchVC.swift */; };
		6F4610DE23F896D2003DD14A /* FavoriteListVC.swift in Sources */ = {isa = PBXBuildFile; fileRef = 6F4610DD23F896D2003DD14A /* FavoriteListVC.swift */; };
		6F726D4624024DF800ED8605 /* GFFollowerVC.swift in Sources */ = {isa = PBXBuildFile; fileRef = 6F726D4524024DF800ED8605 /* GFFollowerVC.swift */; };
		6F726D492402520A00ED8605 /* Date+Ext.swift in Sources */ = {isa = PBXBuildFile; fileRef = 6F726D482402520A00ED8605 /* Date+Ext.swift */; };
		6F726D4B2402522900ED8605 /* String+Ext.swift in Sources */ = {isa = PBXBuildFile; fileRef = 6F726D4A2402522900ED8605 /* String+Ext.swift */; };
		6F7C306523FCBF3C00273336 /* Follower.swift in Sources */ = {isa = PBXBuildFile; fileRef = 6F7C306423FCBF3C00273336 /* Follower.swift */; };
		6F7C306723FCBF6C00273336 /* User.swift in Sources */ = {isa = PBXBuildFile; fileRef = 6F7C306623FCBF6C00273336 /* User.swift */; };
		6F7C306A23FCC0D300273336 /* NetworkManager.swift in Sources */ = {isa = PBXBuildFile; fileRef = 6F7C306923FCC0D300273336 /* NetworkManager.swift */; };
		6F7C306D23FCC39C00273336 /* ErrorMessage.swift in Sources */ = {isa = PBXBuildFile; fileRef = 6F7C306C23FCC39C00273336 /* ErrorMessage.swift */; };
		6FA1192323FF3CEC00686B1A /* FollowerCell.swift in Sources */ = {isa = PBXBuildFile; fileRef = 6FA1192223FF3CEC00686B1A /* FollowerCell.swift */; };
		6FA1192523FF3D3000686B1A /* GFAvatarImageView.swift in Sources */ = {isa = PBXBuildFile; fileRef = 6FA1192423FF3D3000686B1A /* GFAvatarImageView.swift */; };
		6FA1192723FF45AF00686B1A /* UIHelper.swift in Sources */ = {isa = PBXBuildFile; fileRef = 6FA1192623FF45AF00686B1A /* UIHelper.swift */; };
		6FA1192A23FF4E8300686B1A /* GFEmptyStateView.swift in Sources */ = {isa = PBXBuildFile; fileRef = 6FA1192923FF4E8300686B1A /* GFEmptyStateView.swift */; };
		6FB70A6E23F8932E00336F92 /* AppDelegate.swift in Sources */ = {isa = PBXBuildFile; fileRef = 6FB70A6D23F8932E00336F92 /* AppDelegate.swift */; };
		6FB70A7023F8932E00336F92 /* SceneDelegate.swift in Sources */ = {isa = PBXBuildFile; fileRef = 6FB70A6F23F8932E00336F92 /* SceneDelegate.swift */; };
		6FB70A7723F8933000336F92 /* Assets.xcassets in Resources */ = {isa = PBXBuildFile; fileRef = 6FB70A7623F8933000336F92 /* Assets.xcassets */; };
		6FB70A7A23F8933000336F92 /* LaunchScreen.storyboard in Resources */ = {isa = PBXBuildFile; fileRef = 6FB70A7823F8933000336F92 /* LaunchScreen.storyboard */; };
		6FD3CF5B2401A7810098008C /* UserInfoVC.swift in Sources */ = {isa = PBXBuildFile; fileRef = 6FD3CF5A2401A7810098008C /* UserInfoVC.swift */; };
		6FD3CF5D2401AC070098008C /* GFUserHeaderInfoVC.swift in Sources */ = {isa = PBXBuildFile; fileRef = 6FD3CF5C2401AC070098008C /* GFUserHeaderInfoVC.swift */; };
		6FD3CF5F2401AC3D0098008C /* GFSecondaryTitleLabel.swift in Sources */ = {isa = PBXBuildFile; fileRef = 6FD3CF5E2401AC3D0098008C /* GFSecondaryTitleLabel.swift */; };
		6FD3CF612401AFCD0098008C /* Constants.swift in Sources */ = {isa = PBXBuildFile; fileRef = 6FD3CF602401AFCD0098008C /* Constants.swift */; };
		6FD3CF632401E10C0098008C /* GFItemInfoView.swift in Sources */ = {isa = PBXBuildFile; fileRef = 6FD3CF622401E10C0098008C /* GFItemInfoView.swift */; };
		6FD3CF6524024AB20098008C /* GFItemInfoVC.swift in Sources */ = {isa = PBXBuildFile; fileRef = 6FD3CF6424024AB20098008C /* GFItemInfoVC.swift */; };
		6FD3CF6724024C7D0098008C /* GFRepoItemVC.swift in Sources */ = {isa = PBXBuildFile; fileRef = 6FD3CF6624024C7D0098008C /* GFRepoItemVC.swift */; };
/* End PBXBuildFile section */

/* Begin PBXFileReference section */
		6F3F544423F9C90D001BC87F /* GFButton.swift */ = {isa = PBXFileReference; lastKnownFileType = sourcecode.swift; path = GFButton.swift; sourceTree = "<group>"; };
		6F3F544623F9CA3C001BC87F /* GFTextField.swift */ = {isa = PBXFileReference; lastKnownFileType = sourcecode.swift; path = GFTextField.swift; sourceTree = "<group>"; };
		6F3F544823F9D035001BC87F /* FollowerListVC.swift */ = {isa = PBXFileReference; lastKnownFileType = sourcecode.swift; path = FollowerListVC.swift; sourceTree = "<group>"; };
		6F3F544A23F9D2A3001BC87F /* GFTitleLabel.swift */ = {isa = PBXFileReference; lastKnownFileType = sourcecode.swift; path = GFTitleLabel.swift; sourceTree = "<group>"; };
		6F3F544C23F9D345001BC87F /* GFBodyLabel.swift */ = {isa = PBXFileReference; lastKnownFileType = sourcecode.swift; path = GFBodyLabel.swift; sourceTree = "<group>"; };
		6F3F544E23F9D3B7001BC87F /* GFAlertVC.swift */ = {isa = PBXFileReference; lastKnownFileType = sourcecode.swift; path = GFAlertVC.swift; sourceTree = "<group>"; };
		6F3F545023F9D7A1001BC87F /* UIViewController+Ext.swift */ = {isa = PBXFileReference; lastKnownFileType = sourcecode.swift; path = "UIViewController+Ext.swift"; sourceTree = "<group>"; };
		6F4610DB23F896C0003DD14A /* SearchVC.swift */ = {isa = PBXFileReference; lastKnownFileType = sourcecode.swift; path = SearchVC.swift; sourceTree = "<group>"; };
		6F4610DD23F896D2003DD14A /* FavoriteListVC.swift */ = {isa = PBXFileReference; lastKnownFileType = sourcecode.swift; path = FavoriteListVC.swift; sourceTree = "<group>"; };
		6F726D4524024DF800ED8605 /* GFFollowerVC.swift */ = {isa = PBXFileReference; lastKnownFileType = sourcecode.swift; path = GFFollowerVC.swift; sourceTree = "<group>"; };
		6F726D482402520A00ED8605 /* Date+Ext.swift */ = {isa = PBXFileReference; lastKnownFileType = sourcecode.swift; path = "Date+Ext.swift"; sourceTree = "<group>"; };
		6F726D4A2402522900ED8605 /* String+Ext.swift */ = {isa = PBXFileReference; lastKnownFileType = sourcecode.swift; path = "String+Ext.swift"; sourceTree = "<group>"; };
		6F7C306423FCBF3C00273336 /* Follower.swift */ = {isa = PBXFileReference; lastKnownFileType = sourcecode.swift; path = Follower.swift; sourceTree = "<group>"; };
		6F7C306623FCBF6C00273336 /* User.swift */ = {isa = PBXFileReference; lastKnownFileType = sourcecode.swift; path = User.swift; sourceTree = "<group>"; };
		6F7C306923FCC0D300273336 /* NetworkManager.swift */ = {isa = PBXFileReference; lastKnownFileType = sourcecode.swift; path = NetworkManager.swift; sourceTree = "<group>"; };
		6F7C306C23FCC39C00273336 /* ErrorMessage.swift */ = {isa = PBXFileReference; lastKnownFileType = sourcecode.swift; path = ErrorMessage.swift; sourceTree = "<group>"; };
		6FA1192223FF3CEC00686B1A /* FollowerCell.swift */ = {isa = PBXFileReference; lastKnownFileType = sourcecode.swift; path = FollowerCell.swift; sourceTree = "<group>"; };
		6FA1192423FF3D3000686B1A /* GFAvatarImageView.swift */ = {isa = PBXFileReference; lastKnownFileType = sourcecode.swift; path = GFAvatarImageView.swift; sourceTree = "<group>"; };
		6FA1192623FF45AF00686B1A /* UIHelper.swift */ = {isa = PBXFileReference; lastKnownFileType = sourcecode.swift; path = UIHelper.swift; sourceTree = "<group>"; };
		6FA1192923FF4E8300686B1A /* GFEmptyStateView.swift */ = {isa = PBXFileReference; lastKnownFileType = sourcecode.swift; path = GFEmptyStateView.swift; sourceTree = "<group>"; };
		6FB70A6A23F8932E00336F92 /* GHFollowers.app */ = {isa = PBXFileReference; explicitFileType = wrapper.application; includeInIndex = 0; path = GHFollowers.app; sourceTree = BUILT_PRODUCTS_DIR; };
		6FB70A6D23F8932E00336F92 /* AppDelegate.swift */ = {isa = PBXFileReference; lastKnownFileType = sourcecode.swift; path = AppDelegate.swift; sourceTree = "<group>"; };
		6FB70A6F23F8932E00336F92 /* SceneDelegate.swift */ = {isa = PBXFileReference; lastKnownFileType = sourcecode.swift; path = SceneDelegate.swift; sourceTree = "<group>"; };
		6FB70A7623F8933000336F92 /* Assets.xcassets */ = {isa = PBXFileReference; lastKnownFileType = folder.assetcatalog; path = Assets.xcassets; sourceTree = "<group>"; };
		6FB70A7923F8933000336F92 /* Base */ = {isa = PBXFileReference; lastKnownFileType = file.storyboard; name = Base; path = Base.lproj/LaunchScreen.storyboard; sourceTree = "<group>"; };
		6FB70A7B23F8933000336F92 /* Info.plist */ = {isa = PBXFileReference; lastKnownFileType = text.plist.xml; path = Info.plist; sourceTree = "<group>"; };
		6FD3CF5A2401A7810098008C /* UserInfoVC.swift */ = {isa = PBXFileReference; lastKnownFileType = sourcecode.swift; path = UserInfoVC.swift; sourceTree = "<group>"; };
		6FD3CF5C2401AC070098008C /* GFUserHeaderInfoVC.swift */ = {isa = PBXFileReference; lastKnownFileType = sourcecode.swift; path = GFUserHeaderInfoVC.swift; sourceTree = "<group>"; };
		6FD3CF5E2401AC3D0098008C /* GFSecondaryTitleLabel.swift */ = {isa = PBXFileReference; lastKnownFileType = sourcecode.swift; path = GFSecondaryTitleLabel.swift; sourceTree = "<group>"; };
		6FD3CF602401AFCD0098008C /* Constants.swift */ = {isa = PBXFileReference; lastKnownFileType = sourcecode.swift; path = Constants.swift; sourceTree = "<group>"; };
		6FD3CF622401E10C0098008C /* GFItemInfoView.swift */ = {isa = PBXFileReference; lastKnownFileType = sourcecode.swift; name = GFItemInfoView.swift; path = "GHFollowers/Custom Views/GFItemInfoView.swift"; sourceTree = SOURCE_ROOT; };
		6FD3CF6424024AB20098008C /* GFItemInfoVC.swift */ = {isa = PBXFileReference; lastKnownFileType = sourcecode.swift; path = GFItemInfoVC.swift; sourceTree = "<group>"; };
		6FD3CF6624024C7D0098008C /* GFRepoItemVC.swift */ = {isa = PBXFileReference; lastKnownFileType = sourcecode.swift; path = GFRepoItemVC.swift; sourceTree = "<group>"; };
/* End PBXFileReference section */

/* Begin PBXFrameworksBuildPhase section */
		6FB70A6723F8932E00336F92 /* Frameworks */ = {
			isa = PBXFrameworksBuildPhase;
			buildActionMask = 2147483647;
			files = (
			);
			runOnlyForDeploymentPostprocessing = 0;
		};
/* End PBXFrameworksBuildPhase section */

/* Begin PBXGroup section */
		6F3F545223F9DAC6001BC87F /* Screens */ = {
			isa = PBXGroup;
			children = (
				6F4610DB23F896C0003DD14A /* SearchVC.swift */,
				6F4610DD23F896D2003DD14A /* FavoriteListVC.swift */,
				6F3F544823F9D035001BC87F /* FollowerListVC.swift */,
				6FD3CF5A2401A7810098008C /* UserInfoVC.swift */,
			);
			path = Screens;
			sourceTree = "<group>";
		};
		6F3F545323F9DADF001BC87F /* Custom Views */ = {
			isa = PBXGroup;
			children = (
				6FA1192823FF4E6600686B1A /* Views */,
				6FA1192123FF3CC900686B1A /* Cells */,
				6F3F544E23F9D3B7001BC87F /* GFAlertVC.swift */,
				6F3F544423F9C90D001BC87F /* GFButton.swift */,
				6FD3CF6424024AB20098008C /* GFItemInfoVC.swift */,
				6FD3CF6624024C7D0098008C /* GFRepoItemVC.swift */,
				6F726D4524024DF800ED8605 /* GFFollowerVC.swift */,
				6F3F544623F9CA3C001BC87F /* GFTextField.swift */,
				6F3F544A23F9D2A3001BC87F /* GFTitleLabel.swift */,
				6F3F544C23F9D345001BC87F /* GFBodyLabel.swift */,
				6FA1192423FF3D3000686B1A /* GFAvatarImageView.swift */,
				6FD3CF5E2401AC3D0098008C /* GFSecondaryTitleLabel.swift */,
			);
			path = "Custom Views";
			sourceTree = "<group>";
		};
		6F3F545423F9DAFB001BC87F /* Extensions */ = {
			isa = PBXGroup;
			children = (
				6F3F545023F9D7A1001BC87F /* UIViewController+Ext.swift */,
				6F726D482402520A00ED8605 /* Date+Ext.swift */,
				6F726D4A2402522900ED8605 /* String+Ext.swift */,
			);
			path = Extensions;
			sourceTree = "<group>";
		};
		6F7C306323FCBF2D00273336 /* Model */ = {
			isa = PBXGroup;
			children = (
				6F7C306423FCBF3C00273336 /* Follower.swift */,
				6F7C306623FCBF6C00273336 /* User.swift */,
			);
			path = Model;
			sourceTree = "<group>";
		};
		6F7C306823FCC0C800273336 /* Managers */ = {
			isa = PBXGroup;
			children = (
				6F7C306923FCC0D300273336 /* NetworkManager.swift */,
			);
			path = Managers;
			sourceTree = "<group>";
		};
		6F7C306B23FCC38C00273336 /* Utilities */ = {
			isa = PBXGroup;
			children = (
				6F7C306C23FCC39C00273336 /* ErrorMessage.swift */,
				6FA1192623FF45AF00686B1A /* UIHelper.swift */,
				6FD3CF602401AFCD0098008C /* Constants.swift */,
			);
			path = Utilities;
			sourceTree = "<group>";
		};
		6FA1192123FF3CC900686B1A /* Cells */ = {
			isa = PBXGroup;
			children = (
				6FA1192223FF3CEC00686B1A /* FollowerCell.swift */,
			);
			path = Cells;
			sourceTree = "<group>";
		};
		6FA1192823FF4E6600686B1A /* Views */ = {
			isa = PBXGroup;
			children = (
				6FA1192923FF4E8300686B1A /* GFEmptyStateView.swift */,
				6FD3CF5C2401AC070098008C /* GFUserHeaderInfoVC.swift */,
				6FD3CF622401E10C0098008C /* GFItemInfoView.swift */,
			);
			path = Views;
			sourceTree = "<group>";
		};
		6FB70A6123F8932E00336F92 = {
			isa = PBXGroup;
			children = (
				6FB70A6C23F8932E00336F92 /* GHFollowers */,
				6FB70A6B23F8932E00336F92 /* Products */,
			);
			sourceTree = "<group>";
		};
		6FB70A6B23F8932E00336F92 /* Products */ = {
			isa = PBXGroup;
			children = (
				6FB70A6A23F8932E00336F92 /* GHFollowers.app */,
			);
			name = Products;
			sourceTree = "<group>";
		};
		6FB70A6C23F8932E00336F92 /* GHFollowers */ = {
			isa = PBXGroup;
			children = (
				6F7C306B23FCC38C00273336 /* Utilities */,
				6F7C306823FCC0C800273336 /* Managers */,
				6F7C306323FCBF2D00273336 /* Model */,
				6F3F545423F9DAFB001BC87F /* Extensions */,
				6F3F545323F9DADF001BC87F /* Custom Views */,
				6F3F545223F9DAC6001BC87F /* Screens */,
				6FB70A6D23F8932E00336F92 /* AppDelegate.swift */,
				6FB70A6F23F8932E00336F92 /* SceneDelegate.swift */,
				6FB70A7623F8933000336F92 /* Assets.xcassets */,
				6FB70A7823F8933000336F92 /* LaunchScreen.storyboard */,
				6FB70A7B23F8933000336F92 /* Info.plist */,
			);
			path = GHFollowers;
			sourceTree = "<group>";
		};
/* End PBXGroup section */

/* Begin PBXNativeTarget section */
		6FB70A6923F8932E00336F92 /* GHFollowers */ = {
			isa = PBXNativeTarget;
			buildConfigurationList = 6FB70A7E23F8933000336F92 /* Build configuration list for PBXNativeTarget "GHFollowers" */;
			buildPhases = (
				6FB70A6623F8932E00336F92 /* Sources */,
				6FB70A6723F8932E00336F92 /* Frameworks */,
				6FB70A6823F8932E00336F92 /* Resources */,
			);
			buildRules = (
			);
			dependencies = (
			);
			name = GHFollowers;
			productName = GHFollowers;
			productReference = 6FB70A6A23F8932E00336F92 /* GHFollowers.app */;
			productType = "com.apple.product-type.application";
		};
/* End PBXNativeTarget section */

/* Begin PBXProject section */
		6FB70A6223F8932E00336F92 /* Project object */ = {
			isa = PBXProject;
			attributes = {
				LastSwiftUpdateCheck = 1130;
				LastUpgradeCheck = 1130;
				ORGANIZATIONNAME = "Aristotel Fani";
				TargetAttributes = {
					6FB70A6923F8932E00336F92 = {
						CreatedOnToolsVersion = 11.3.1;
					};
				};
			};
			buildConfigurationList = 6FB70A6523F8932E00336F92 /* Build configuration list for PBXProject "GHFollowers" */;
			compatibilityVersion = "Xcode 9.3";
			developmentRegion = en;
			hasScannedForEncodings = 0;
			knownRegions = (
				en,
				Base,
			);
			mainGroup = 6FB70A6123F8932E00336F92;
			productRefGroup = 6FB70A6B23F8932E00336F92 /* Products */;
			projectDirPath = "";
			projectRoot = "";
			targets = (
				6FB70A6923F8932E00336F92 /* GHFollowers */,
			);
		};
/* End PBXProject section */

/* Begin PBXResourcesBuildPhase section */
		6FB70A6823F8932E00336F92 /* Resources */ = {
			isa = PBXResourcesBuildPhase;
			buildActionMask = 2147483647;
			files = (
				6FB70A7A23F8933000336F92 /* LaunchScreen.storyboard in Resources */,
				6FB70A7723F8933000336F92 /* Assets.xcassets in Resources */,
			);
			runOnlyForDeploymentPostprocessing = 0;
		};
/* End PBXResourcesBuildPhase section */

/* Begin PBXSourcesBuildPhase section */
		6FB70A6623F8932E00336F92 /* Sources */ = {
			isa = PBXSourcesBuildPhase;
			buildActionMask = 2147483647;
			files = (
				6F7C306723FCBF6C00273336 /* User.swift in Sources */,
				6F3F544723F9CA3C001BC87F /* GFTextField.swift in Sources */,
				6F4610DE23F896D2003DD14A /* FavoriteListVC.swift in Sources */,
				6F726D4B2402522900ED8605 /* String+Ext.swift in Sources */,
				6F726D4624024DF800ED8605 /* GFFollowerVC.swift in Sources */,
				6F3F544523F9C90D001BC87F /* GFButton.swift in Sources */,
				6F3F545123F9D7A1001BC87F /* UIViewController+Ext.swift in Sources */,
				6FA1192723FF45AF00686B1A /* UIHelper.swift in Sources */,
				6FD3CF6524024AB20098008C /* GFItemInfoVC.swift in Sources */,
				6FD3CF612401AFCD0098008C /* Constants.swift in Sources */,
				6FA1192523FF3D3000686B1A /* GFAvatarImageView.swift in Sources */,
				6F4610DC23F896C0003DD14A /* SearchVC.swift in Sources */,
				6F3F544F23F9D3B7001BC87F /* GFAlertVC.swift in Sources */,
				6FD3CF632401E10C0098008C /* GFItemInfoView.swift in Sources */,
				6FA1192323FF3CEC00686B1A /* FollowerCell.swift in Sources */,
				6F7C306D23FCC39C00273336 /* ErrorMessage.swift in Sources */,
				6F3F544D23F9D345001BC87F /* GFBodyLabel.swift in Sources */,
				6F7C306523FCBF3C00273336 /* Follower.swift in Sources */,
				6F3F544B23F9D2A3001BC87F /* GFTitleLabel.swift in Sources */,
				6FA1192A23FF4E8300686B1A /* GFEmptyStateView.swift in Sources */,
				6F726D492402520A00ED8605 /* Date+Ext.swift in Sources */,
				6FD3CF5F2401AC3D0098008C /* GFSecondaryTitleLabel.swift in Sources */,
				6FD3CF5D2401AC070098008C /* GFUserHeaderInfoVC.swift in Sources */,
				6F7C306A23FCC0D300273336 /* NetworkManager.swift in Sources */,
				6F3F544923F9D035001BC87F /* FollowerListVC.swift in Sources */,
				6FB70A6E23F8932E00336F92 /* AppDelegate.swift in Sources */,
				6FB70A7023F8932E00336F92 /* SceneDelegate.swift in Sources */,
				6FD3CF6724024C7D0098008C /* GFRepoItemVC.swift in Sources */,
				6FD3CF5B2401A7810098008C /* UserInfoVC.swift in Sources */,
			);
			runOnlyForDeploymentPostprocessing = 0;
		};
/* End PBXSourcesBuildPhase section */

/* Begin PBXVariantGroup section */
		6FB70A7823F8933000336F92 /* LaunchScreen.storyboard */ = {
			isa = PBXVariantGroup;
			children = (
				6FB70A7923F8933000336F92 /* Base */,
			);
			name = LaunchScreen.storyboard;
			sourceTree = "<group>";
		};
/* End PBXVariantGroup section */

/* Begin XCBuildConfiguration section */
		6FB70A7C23F8933000336F92 /* Debug */ = {
			isa = XCBuildConfiguration;
			buildSettings = {
				ALWAYS_SEARCH_USER_PATHS = NO;
				CLANG_ANALYZER_NONNULL = YES;
				CLANG_ANALYZER_NUMBER_OBJECT_CONVERSION = YES_AGGRESSIVE;
				CLANG_CXX_LANGUAGE_STANDARD = "gnu++14";
				CLANG_CXX_LIBRARY = "libc++";
				CLANG_ENABLE_MODULES = YES;
				CLANG_ENABLE_OBJC_ARC = YES;
				CLANG_ENABLE_OBJC_WEAK = YES;
				CLANG_WARN_BLOCK_CAPTURE_AUTORELEASING = YES;
				CLANG_WARN_BOOL_CONVERSION = YES;
				CLANG_WARN_COMMA = YES;
				CLANG_WARN_CONSTANT_CONVERSION = YES;
				CLANG_WARN_DEPRECATED_OBJC_IMPLEMENTATIONS = YES;
				CLANG_WARN_DIRECT_OBJC_ISA_USAGE = YES_ERROR;
				CLANG_WARN_DOCUMENTATION_COMMENTS = YES;
				CLANG_WARN_EMPTY_BODY = YES;
				CLANG_WARN_ENUM_CONVERSION = YES;
				CLANG_WARN_INFINITE_RECURSION = YES;
				CLANG_WARN_INT_CONVERSION = YES;
				CLANG_WARN_NON_LITERAL_NULL_CONVERSION = YES;
				CLANG_WARN_OBJC_IMPLICIT_RETAIN_SELF = YES;
				CLANG_WARN_OBJC_LITERAL_CONVERSION = YES;
				CLANG_WARN_OBJC_ROOT_CLASS = YES_ERROR;
				CLANG_WARN_RANGE_LOOP_ANALYSIS = YES;
				CLANG_WARN_STRICT_PROTOTYPES = YES;
				CLANG_WARN_SUSPICIOUS_MOVE = YES;
				CLANG_WARN_UNGUARDED_AVAILABILITY = YES_AGGRESSIVE;
				CLANG_WARN_UNREACHABLE_CODE = YES;
				CLANG_WARN__DUPLICATE_METHOD_MATCH = YES;
				COPY_PHASE_STRIP = NO;
				DEBUG_INFORMATION_FORMAT = dwarf;
				ENABLE_STRICT_OBJC_MSGSEND = YES;
				ENABLE_TESTABILITY = YES;
				GCC_C_LANGUAGE_STANDARD = gnu11;
				GCC_DYNAMIC_NO_PIC = NO;
				GCC_NO_COMMON_BLOCKS = YES;
				GCC_OPTIMIZATION_LEVEL = 0;
				GCC_PREPROCESSOR_DEFINITIONS = (
					"DEBUG=1",
					"$(inherited)",
				);
				GCC_WARN_64_TO_32_BIT_CONVERSION = YES;
				GCC_WARN_ABOUT_RETURN_TYPE = YES_ERROR;
				GCC_WARN_UNDECLARED_SELECTOR = YES;
				GCC_WARN_UNINITIALIZED_AUTOS = YES_AGGRESSIVE;
				GCC_WARN_UNUSED_FUNCTION = YES;
				GCC_WARN_UNUSED_VARIABLE = YES;
				IPHONEOS_DEPLOYMENT_TARGET = 13.2;
				MTL_ENABLE_DEBUG_INFO = INCLUDE_SOURCE;
				MTL_FAST_MATH = YES;
				ONLY_ACTIVE_ARCH = YES;
				SDKROOT = iphoneos;
				SWIFT_ACTIVE_COMPILATION_CONDITIONS = DEBUG;
				SWIFT_OPTIMIZATION_LEVEL = "-Onone";
			};
			name = Debug;
		};
		6FB70A7D23F8933000336F92 /* Release */ = {
			isa = XCBuildConfiguration;
			buildSettings = {
				ALWAYS_SEARCH_USER_PATHS = NO;
				CLANG_ANALYZER_NONNULL = YES;
				CLANG_ANALYZER_NUMBER_OBJECT_CONVERSION = YES_AGGRESSIVE;
				CLANG_CXX_LANGUAGE_STANDARD = "gnu++14";
				CLANG_CXX_LIBRARY = "libc++";
				CLANG_ENABLE_MODULES = YES;
				CLANG_ENABLE_OBJC_ARC = YES;
				CLANG_ENABLE_OBJC_WEAK = YES;
				CLANG_WARN_BLOCK_CAPTURE_AUTORELEASING = YES;
				CLANG_WARN_BOOL_CONVERSION = YES;
				CLANG_WARN_COMMA = YES;
				CLANG_WARN_CONSTANT_CONVERSION = YES;
				CLANG_WARN_DEPRECATED_OBJC_IMPLEMENTATIONS = YES;
				CLANG_WARN_DIRECT_OBJC_ISA_USAGE = YES_ERROR;
				CLANG_WARN_DOCUMENTATION_COMMENTS = YES;
				CLANG_WARN_EMPTY_BODY = YES;
				CLANG_WARN_ENUM_CONVERSION = YES;
				CLANG_WARN_INFINITE_RECURSION = YES;
				CLANG_WARN_INT_CONVERSION = YES;
				CLANG_WARN_NON_LITERAL_NULL_CONVERSION = YES;
				CLANG_WARN_OBJC_IMPLICIT_RETAIN_SELF = YES;
				CLANG_WARN_OBJC_LITERAL_CONVERSION = YES;
				CLANG_WARN_OBJC_ROOT_CLASS = YES_ERROR;
				CLANG_WARN_RANGE_LOOP_ANALYSIS = YES;
				CLANG_WARN_STRICT_PROTOTYPES = YES;
				CLANG_WARN_SUSPICIOUS_MOVE = YES;
				CLANG_WARN_UNGUARDED_AVAILABILITY = YES_AGGRESSIVE;
				CLANG_WARN_UNREACHABLE_CODE = YES;
				CLANG_WARN__DUPLICATE_METHOD_MATCH = YES;
				COPY_PHASE_STRIP = NO;
				DEBUG_INFORMATION_FORMAT = "dwarf-with-dsym";
				ENABLE_NS_ASSERTIONS = NO;
				ENABLE_STRICT_OBJC_MSGSEND = YES;
				GCC_C_LANGUAGE_STANDARD = gnu11;
				GCC_NO_COMMON_BLOCKS = YES;
				GCC_WARN_64_TO_32_BIT_CONVERSION = YES;
				GCC_WARN_ABOUT_RETURN_TYPE = YES_ERROR;
				GCC_WARN_UNDECLARED_SELECTOR = YES;
				GCC_WARN_UNINITIALIZED_AUTOS = YES_AGGRESSIVE;
				GCC_WARN_UNUSED_FUNCTION = YES;
				GCC_WARN_UNUSED_VARIABLE = YES;
				IPHONEOS_DEPLOYMENT_TARGET = 13.2;
				MTL_ENABLE_DEBUG_INFO = NO;
				MTL_FAST_MATH = YES;
				SDKROOT = iphoneos;
				SWIFT_COMPILATION_MODE = wholemodule;
				SWIFT_OPTIMIZATION_LEVEL = "-O";
				VALIDATE_PRODUCT = YES;
			};
			name = Release;
		};
		6FB70A7F23F8933000336F92 /* Debug */ = {
			isa = XCBuildConfiguration;
			buildSettings = {
				ASSETCATALOG_COMPILER_APPICON_NAME = AppIcon;
				CODE_SIGN_STYLE = Automatic;
				DEVELOPMENT_TEAM = P39AM5FTBQ;
				INFOPLIST_FILE = GHFollowers/Info.plist;
				LD_RUNPATH_SEARCH_PATHS = (
					"$(inherited)",
					"@executable_path/Frameworks",
				);
				PRODUCT_BUNDLE_IDENTIFIER = com.aristotelfani.GHFollowers;
				PRODUCT_NAME = "$(TARGET_NAME)";
				SWIFT_VERSION = 5.0;
				TARGETED_DEVICE_FAMILY = 1;
			};
			name = Debug;
		};
		6FB70A8023F8933000336F92 /* Release */ = {
			isa = XCBuildConfiguration;
			buildSettings = {
				ASSETCATALOG_COMPILER_APPICON_NAME = AppIcon;
				CODE_SIGN_STYLE = Automatic;
				DEVELOPMENT_TEAM = P39AM5FTBQ;
				INFOPLIST_FILE = GHFollowers/Info.plist;
				LD_RUNPATH_SEARCH_PATHS = (
					"$(inherited)",
					"@executable_path/Frameworks",
				);
				PRODUCT_BUNDLE_IDENTIFIER = com.aristotelfani.GHFollowers;
				PRODUCT_NAME = "$(TARGET_NAME)";
				SWIFT_VERSION = 5.0;
				TARGETED_DEVICE_FAMILY = 1;
			};
			name = Release;
		};
/* End XCBuildConfiguration section */

/* Begin XCConfigurationList section */
		6FB70A6523F8932E00336F92 /* Build configuration list for PBXProject "GHFollowers" */ = {
			isa = XCConfigurationList;
			buildConfigurations = (
				6FB70A7C23F8933000336F92 /* Debug */,
				6FB70A7D23F8933000336F92 /* Release */,
			);
			defaultConfigurationIsVisible = 0;
			defaultConfigurationName = Release;
		};
		6FB70A7E23F8933000336F92 /* Build configuration list for PBXNativeTarget "GHFollowers" */ = {
			isa = XCConfigurationList;
			buildConfigurations = (
				6FB70A7F23F8933000336F92 /* Debug */,
				6FB70A8023F8933000336F92 /* Release */,
			);
			defaultConfigurationIsVisible = 0;
			defaultConfigurationName = Release;
		};
/* End XCConfigurationList section */
	};
	rootObject = 6FB70A6223F8932E00336F92 /* Project object */;
}
